
Microsoft Visual Studio Solution File, Format Version 12.00
# Visual Studio Version 17
VisualStudioVersion = 17.14.36301.6 d17.14
MinimumVisualStudioVersion = 10.0.40219.1
Project("{FAE04EC0-301F-11D3-BF4B-00C04F79EFBC}") = "Assignment 2.2.3", "Assignment 2.2.3.csproj", "{0BEA2F16-98A2-4B07-AD91-7F65BECD7ADB}"
EndProject
Global
	GlobalSection(SolutionConfigurationPlatforms) = preSolution
		Debug|Any CPU = Debug|Any CPU
		Release|Any CPU = Release|Any CPU
	EndGlobalSection
	GlobalSection(ProjectConfigurationPlatforms) = postSolution
		{0BEA2F16-98A2-4B07-AD91-7F65BECD7ADB}.Debug|Any CPU.ActiveCfg = Debug|Any CPU
		{0BEA2F16-98A2-4B07-AD91-7F65BECD7ADB}.Debug|Any CPU.Build.0 = Debug|Any CPU
		{0BEA2F16-98A2-4B07-AD91-7F65BECD7ADB}.Release|Any CPU.ActiveCfg = Release|Any CPU
		{0BEA2F16-98A2-4B07-AD91-7F65BECD7ADB}.Release|Any CPU.Build.0 = Release|Any CPU
	EndGlobalSection
	GlobalSection(SolutionProperties) = preSolution
		HideSolutionNode = FALSE
	EndGlobalSection
	GlobalSection(ExtensibilityGlobals) = postSolution
		SolutionGuid = {2F921658-9861-4D13-9E5E-679C51185362}
	EndGlobalSection
EndGlobal
